
Microsoft Visual Studio Solution File, Format Version 12.00
# Visual Studio Version 17
VisualStudioVersion = 17.5.33414.496
MinimumVisualStudioVersion = 10.0.40219.1
Project("{FAE04EC0-301F-11D3-BF4B-00C04F79EFBC}") = "RestHelloWorld", "RestHelloWorld.csproj", "{367841CC-6D6E-4CAE-8E24-0BAB1E075E5B}"
EndProject
Global
	GlobalSection(SolutionConfigurationPlatforms) = preSolution
		Debug|Any CPU = Debug|Any CPU
		Release|Any CPU = Release|Any CPU
	EndGlobalSection
	GlobalSection(ProjectConfigurationPlatforms) = postSolution
		{367841CC-6D6E-4CAE-8E24-0BAB1E075E5B}.Debug|Any CPU.ActiveCfg = Debug|Any CPU
		{367841CC-6D6E-4CAE-8E24-0BAB1E075E5B}.Debug|Any CPU.Build.0 = Debug|Any CPU
		{367841CC-6D6E-4CAE-8E24-0BAB1E075E5B}.Release|Any CPU.ActiveCfg = Release|Any CPU
		{367841CC-6D6E-4CAE-8E24-0BAB1E075E5B}.Release|Any CPU.Build.0 = Release|Any CPU
	EndGlobalSection
	GlobalSection(SolutionProperties) = preSolution
		HideSolutionNode = FALSE
	EndGlobalSection
	GlobalSection(ExtensibilityGlobals) = postSolution
		SolutionGuid = {CD4F2C23-DCA0-4C94-894F-96CC625D7E0D}
	EndGlobalSection
EndGlobal
